
Microsoft Visual Studio Solution File, Format Version 12.00
# Visual Studio Version 17
VisualStudioVersion = 17.11.35222.181
MinimumVisualStudioVersion = 10.0.40219.1
Project("{FAE04EC0-301F-11D3-BF4B-00C04F79EFBC}") = "Scientific Calculator", "Scientific Calculator\Scientific Calculator.csproj", "{F7E8CA51-D61C-4E35-9D23-08D0679D2BAE}"
EndProject
Global
	GlobalSection(SolutionConfigurationPlatforms) = preSolution
		Debug|Any CPU = Debug|Any CPU
		Release|Any CPU = Release|Any CPU
	EndGlobalSection
	GlobalSection(ProjectConfigurationPlatforms) = postSolution
		{F7E8CA51-D61C-4E35-9D23-08D0679D2BAE}.Debug|Any CPU.ActiveCfg = Debug|Any CPU
		{F7E8CA51-D61C-4E35-9D23-08D0679D2BAE}.Debug|Any CPU.Build.0 = Debug|Any CPU
		{F7E8CA51-D61C-4E35-9D23-08D0679D2BAE}.Release|Any CPU.ActiveCfg = Release|Any CPU
		{F7E8CA51-D61C-4E35-9D23-08D0679D2BAE}.Release|Any CPU.Build.0 = Release|Any CPU
	EndGlobalSection
	GlobalSection(SolutionProperties) = preSolution
		HideSolutionNode = FALSE
	EndGlobalSection
	GlobalSection(ExtensibilityGlobals) = postSolution
		SolutionGuid = {FF343526-5F95-4D28-B0FD-AA0C53DC772D}
	EndGlobalSection
EndGlobal
